
Microsoft Visual Studio Solution File, Format Version 12.00
# Visual Studio 15
VisualStudioVersion = 15.0.26124.0
MinimumVisualStudioVersion = 15.0.26124.0
Project("{FAE04EC0-301F-11D3-BF4B-00C04F79EFBC}") = "R5T.Newcastle.Construction", "R5T.Newcastle.Construction\R5T.Newcastle.Construction.csproj", "{3F770D56-AE61-49FA-B2F7-5315BCA30EFD}"
EndProject
Project("{FAE04EC0-301F-11D3-BF4B-00C04F79EFBC}") = "R5T.Newcastle", "R5T.Newcastle\R5T.Newcastle.csproj", "{F59C8ADA-6852-4DEA-B1F0-CFD2C233029C}"
EndProject
Project("{FAE04EC0-301F-11D3-BF4B-00C04F79EFBC}") = "R5T.Newcastle.Testing", "R5T.Newcastle.Testing\R5T.Newcastle.Testing.csproj", "{91FA14E7-DF97-49B6-943A-B6A69732979D}"
EndProject
Global
	GlobalSection(SolutionConfigurationPlatforms) = preSolution
		Debug|Any CPU = Debug|Any CPU
		Debug|x64 = Debug|x64
		Debug|x86 = Debug|x86
		Release|Any CPU = Release|Any CPU
		Release|x64 = Release|x64
		Release|x86 = Release|x86
	EndGlobalSection
	GlobalSection(SolutionProperties) = preSolution
		HideSolutionNode = FALSE
	EndGlobalSection
	GlobalSection(ProjectConfigurationPlatforms) = postSolution
		{3F770D56-AE61-49FA-B2F7-5315BCA30EFD}.Debug|Any CPU.ActiveCfg = Debug|Any CPU
		{3F770D56-AE61-49FA-B2F7-5315BCA30EFD}.Debug|Any CPU.Build.0 = Debug|Any CPU
		{3F770D56-AE61-49FA-B2F7-5315BCA30EFD}.Debug|x64.ActiveCfg = Debug|Any CPU
		{3F770D56-AE61-49FA-B2F7-5315BCA30EFD}.Debug|x64.Build.0 = Debug|Any CPU
		{3F770D56-AE61-49FA-B2F7-5315BCA30EFD}.Debug|x86.ActiveCfg = Debug|Any CPU
		{3F770D56-AE61-49FA-B2F7-5315BCA30EFD}.Debug|x86.Build.0 = Debug|Any CPU
		{3F770D56-AE61-49FA-B2F7-5315BCA30EFD}.Release|Any CPU.ActiveCfg = Release|Any CPU
		{3F770D56-AE61-49FA-B2F7-5315BCA30EFD}.Release|Any CPU.Build.0 = Release|Any CPU
		{3F770D56-AE61-49FA-B2F7-5315BCA30EFD}.Release|x64.ActiveCfg = Release|Any CPU
		{3F770D56-AE61-49FA-B2F7-5315BCA30EFD}.Release|x64.Build.0 = Release|Any CPU
		{3F770D56-AE61-49FA-B2F7-5315BCA30EFD}.Release|x86.ActiveCfg = Release|Any CPU
		{3F770D56-AE61-49FA-B2F7-5315BCA30EFD}.Release|x86.Build.0 = Release|Any CPU
		{F59C8ADA-6852-4DEA-B1F0-CFD2C233029C}.Debug|Any CPU.ActiveCfg = Debug|Any CPU
		{F59C8ADA-6852-4DEA-B1F0-CFD2C233029C}.Debug|Any CPU.Build.0 = Debug|Any CPU
		{F59C8ADA-6852-4DEA-B1F0-CFD2C233029C}.Debug|x64.ActiveCfg = Debug|Any CPU
		{F59C8ADA-6852-4DEA-B1F0-CFD2C233029C}.Debug|x64.Build.0 = Debug|Any CPU
		{F59C8ADA-6852-4DEA-B1F0-CFD2C233029C}.Debug|x86.ActiveCfg = Debug|Any CPU
		{F59C8ADA-6852-4DEA-B1F0-CFD2C233029C}.Debug|x86.Build.0 = Debug|Any CPU
		{F59C8ADA-6852-4DEA-B1F0-CFD2C233029C}.Release|Any CPU.ActiveCfg = Release|Any CPU
		{F59C8ADA-6852-4DEA-B1F0-CFD2C233029C}.Release|Any CPU.Build.0 = Release|Any CPU
		{F59C8ADA-6852-4DEA-B1F0-CFD2C233029C}.Release|x64.ActiveCfg = Release|Any CPU
		{F59C8ADA-6852-4DEA-B1F0-CFD2C233029C}.Release|x64.Build.0 = Release|Any CPU
		{F59C8ADA-6852-4DEA-B1F0-CFD2C233029C}.Release|x86.ActiveCfg = Release|Any CPU
		{F59C8ADA-6852-4DEA-B1F0-CFD2C233029C}.Release|x86.Build.0 = Release|Any CPU
		{91FA14E7-DF97-49B6-943A-B6A69732979D}.Debug|Any CPU.ActiveCfg = Debug|Any CPU
		{91FA14E7-DF97-49B6-943A-B6A69732979D}.Debug|Any CPU.Build.0 = Debug|Any CPU
		{91FA14E7-DF97-49B6-943A-B6A69732979D}.Debug|x64.ActiveCfg = Debug|Any CPU
		{91FA14E7-DF97-49B6-943A-B6A69732979D}.Debug|x64.Build.0 = Debug|Any CPU
		{91FA14E7-DF97-49B6-943A-B6A69732979D}.Debug|x86.ActiveCfg = Debug|Any CPU
		{91FA14E7-DF97-49B6-943A-B6A69732979D}.Debug|x86.Build.0 = Debug|Any CPU
		{91FA14E7-DF97-49B6-943A-B6A69732979D}.Release|Any CPU.ActiveCfg = Release|Any CPU
		{91FA14E7-DF97-49B6-943A-B6A69732979D}.Release|Any CPU.Build.0 = Release|Any CPU
		{91FA14E7-DF97-49B6-943A-B6A69732979D}.Release|x64.ActiveCfg = Release|Any CPU
		{91FA14E7-DF97-49B6-943A-B6A69732979D}.Release|x64.Build.0 = Release|Any CPU
		{91FA14E7-DF97-49B6-943A-B6A69732979D}.Release|x86.ActiveCfg = Release|Any CPU
		{91FA14E7-DF97-49B6-943A-B6A69732979D}.Release|x86.Build.0 = Release|Any CPU
	EndGlobalSection
EndGlobal
