
Microsoft Visual Studio Solution File, Format Version 12.00
# Visual Studio 15
VisualStudioVersion = 15.0.26124.0
MinimumVisualStudioVersion = 15.0.26124.0
Project("{9A19103F-16F7-4668-BE54-9A1E7A4F7556}") = "R5T.Newcastle.Construction", "R5T.Newcastle.Construction\R5T.Newcastle.Construction.csproj", "{3F770D56-AE61-49FA-B2F7-5315BCA30EFD}"
EndProject
Project("{9A19103F-16F7-4668-BE54-9A1E7A4F7556}") = "R5T.Newcastle", "R5T.Newcastle\R5T.Newcastle.csproj", "{F59C8ADA-6852-4DEA-B1F0-CFD2C233029C}"
EndProject
Project("{9A19103F-16F7-4668-BE54-9A1E7A4F7556}") = "R5T.Newcastle.Testing", "R5T.Newcastle.Testing\R5T.Newcastle.Testing.csproj", "{91FA14E7-DF97-49B6-943A-B6A69732979D}"
EndProject
Project("{2150E333-8FDC-42A3-9474-1A3956D46DE8}") = "_Dependencies", "_Dependencies", "{76E48C47-0A7E-41C8-92B9-9DD826B2715F}"
EndProject
Project("{9A19103F-16F7-4668-BE54-9A1E7A4F7556}") = "R5T.Coventry", "..\..\R5T.Coventry\source\R5T.Coventry\R5T.Coventry.csproj", "{279A5C9F-B18D-4984-9A14-2FD88971BA28}"
EndProject
Project("{9A19103F-16F7-4668-BE54-9A1E7A4F7556}") = "R5T.Chamavia", "..\..\R5T.Chamavia\source\R5T.Chamavia\R5T.Chamavia.csproj", "{55C0C115-ABE9-48E6-938C-DC1D4CE88C5C}"
EndProject
Project("{9A19103F-16F7-4668-BE54-9A1E7A4F7556}") = "R5T.Ives.Base", "..\..\R5T.Ives.Base\source\R5T.Ives.Base\R5T.Ives.Base.csproj", "{1F611EF0-9FE7-4133-A812-C7906F2E2CD3}"
EndProject
Project("{9A19103F-16F7-4668-BE54-9A1E7A4F7556}") = "R5T.Richmond", "..\..\R5T.Richmond\source\R5T.Richmond\R5T.Richmond.csproj", "{676ED999-B842-437A-8C8B-97FC9E0C3BB0}"
EndProject
Project("{9A19103F-16F7-4668-BE54-9A1E7A4F7556}") = "R5T.Dacia", "..\..\R5T.Dacia\source\R5T.Dacia\R5T.Dacia.csproj", "{F0C7E1F7-D701-476B-AD64-D85EC98D86CB}"
EndProject
Project("{9A19103F-16F7-4668-BE54-9A1E7A4F7556}") = "R5T.Langobard", "..\..\R5T.Langobard\source\R5T.Langobard\R5T.Langobard.csproj", "{F3326826-A7E4-41B4-A3CA-F6C90F5DBDF0}"
EndProject
Project("{9A19103F-16F7-4668-BE54-9A1E7A4F7556}") = "R5T.Sardinia", "..\..\R5T.Sardinia\source\R5T.Sardinia\R5T.Sardinia.csproj", "{8F9BD35E-D3D5-4A7B-A6C4-CC658DDB4DD0}"
EndProject
Project("{9A19103F-16F7-4668-BE54-9A1E7A4F7556}") = "R5T.Shrewsbury.Base", "..\..\R5T.Shrewsbury.Base\source\R5T.Shrewsbury.Base\R5T.Shrewsbury.Base.csproj", "{81588697-5241-4315-B626-ABBF6EC690EB}"
EndProject
Project("{9A19103F-16F7-4668-BE54-9A1E7A4F7556}") = "R5T.Shrewsbury", "..\..\R5T.Shrewsbury\source\R5T.Shrewsbury\R5T.Shrewsbury.csproj", "{F698C785-E5C0-4CFA-83EA-A33B37B6C924}"
EndProject
Project("{9A19103F-16F7-4668-BE54-9A1E7A4F7556}") = "R5T.Cherusci", "..\..\R5T.Cherusci\source\R5T.Cherusci\R5T.Cherusci.csproj", "{75CB3D26-F132-4D11-BD8B-9A96DB24D623}"
EndProject
Project("{9A19103F-16F7-4668-BE54-9A1E7A4F7556}") = "R5T.Derby", "..\..\R5T.Derby\source\R5T.Derby\R5T.Derby.csproj", "{A9EB82DC-A621-487A-99E8-3889171E8508}"
EndProject
Project("{9A19103F-16F7-4668-BE54-9A1E7A4F7556}") = "R5T.Ives.Configuration", "..\..\R5T.Ives.Configuration\source\R5T.Ives.Configuration\R5T.Ives.Configuration.csproj", "{B1157B2F-C05C-420E-8AFE-261111257096}"
EndProject
Project("{9A19103F-16F7-4668-BE54-9A1E7A4F7556}") = "R5T.Scotia", "..\..\R5T.Scotia\source\R5T.Scotia\R5T.Scotia.csproj", "{8E7723C8-2898-46F2-87F1-D915B0E0E282}"
EndProject
Project("{9A19103F-16F7-4668-BE54-9A1E7A4F7556}") = "R5T.Alamania.Bulgaria", "..\..\R5T.Alamania.Bulgaria\source\R5T.Alamania.Bulgaria\R5T.Alamania.Bulgaria.csproj", "{2C502F8C-3D7F-4BC1-ACD0-3C748387750E}"
EndProject
Project("{9A19103F-16F7-4668-BE54-9A1E7A4F7556}") = "R5T.Alamania.Base", "..\..\R5T.Alamania.Base\source\R5T.Alamania.Base\R5T.Alamania.Base.csproj", "{71109B99-9483-4B9E-82FB-DA902F9CFAD7}"
EndProject
Project("{9A19103F-16F7-4668-BE54-9A1E7A4F7556}") = "R5T.Bulgaria.Base", "..\..\R5T.Bulgaria.Base\source\R5T.Bulgaria.Base\R5T.Bulgaria.Base.csproj", "{0B6932FC-F47A-4B91-AAA1-284176003EE8}"
EndProject
Project("{9A19103F-16F7-4668-BE54-9A1E7A4F7556}") = "R5T.Costobocia.Base", "..\..\R5T.Costobocia.Base\source\R5T.Costobocia.Base\R5T.Costobocia.Base.csproj", "{23F4D6C6-B371-4A8B-BB07-0C3815ADC1E9}"
EndProject
Project("{9A19103F-16F7-4668-BE54-9A1E7A4F7556}") = "R5T.Ostrogothia", "..\..\R5T.Ostrogothia\source\R5T.Ostrogothia\R5T.Ostrogothia.csproj", "{93B46FCC-5708-4B81-B525-F8FA5447F06C}"
EndProject
Project("{9A19103F-16F7-4668-BE54-9A1E7A4F7556}") = "R5T.Ostrogothia.Rivet", "..\..\R5T.Ostrogothia.Rivet\source\R5T.Ostrogothia.Rivet\R5T.Ostrogothia.Rivet.csproj", "{3FB6294C-0063-49B5-A785-BD4DC89F2BF5}"
EndProject
Project("{9A19103F-16F7-4668-BE54-9A1E7A4F7556}") = "R5T.Bulgaria.Default.Local", "..\..\R5T.Bulgaria.Default.Local\source\R5T.Bulgaria.Default.Local\R5T.Bulgaria.Default.Local.csproj", "{F92A1D8F-39EB-4AC4-BEF5-AEB3D798C9C7}"
EndProject
Project("{9A19103F-16F7-4668-BE54-9A1E7A4F7556}") = "R5T.Lombardy.Base", "..\..\R5T.Lombardy.Base\source\R5T.Lombardy.Base\R5T.Lombardy.Base.csproj", "{27B35F01-A123-4BB0-8391-F8682C71FACD}"
EndProject
Project("{9A19103F-16F7-4668-BE54-9A1E7A4F7556}") = "R5T.Visigothia.Base", "..\..\R5T.Visigothia.Base\source\R5T.Visigothia.Base\R5T.Visigothia.Base.csproj", "{A032114C-B6C5-4525-AB69-119BC1CF48E9}"
EndProject
Project("{9A19103F-16F7-4668-BE54-9A1E7A4F7556}") = "R5T.Costobocia.Default", "..\..\R5T.Costobocia.Default\source\R5T.Costobocia.Default\R5T.Costobocia.Default.csproj", "{D8707788-B31A-4E42-B8F9-7D927358D816}"
EndProject
Project("{9A19103F-16F7-4668-BE54-9A1E7A4F7556}") = "R5T.Lombardy", "..\..\R5T.Lombardy\source\R5T.Lombardy\R5T.Lombardy.csproj", "{9B687924-7593-4BFF-AB2C-C306428CA0ED}"
EndProject
Project("{9A19103F-16F7-4668-BE54-9A1E7A4F7556}") = "R5T.Magyar", "..\..\R5T.Magyar\source\R5T.Magyar\R5T.Magyar.csproj", "{E6A82F56-5B28-453D-8A8C-99374062C836}"
EndProject
Project("{9A19103F-16F7-4668-BE54-9A1E7A4F7556}") = "R5T.Rugia", "..\..\R5T.Rugia\source\R5T.Rugia\R5T.Rugia.csproj", "{E6D7020A-8C40-439E-8ED5-EC3C7B3739B4}"
EndProject
Project("{9A19103F-16F7-4668-BE54-9A1E7A4F7556}") = "R5T.Rugia.Base", "..\..\R5T.Rugia.Base\source\R5T.Rugia.Base\R5T.Rugia.Base.csproj", "{83BBBC77-2C44-4681-B5F0-3E2DA3E63E8B}"
EndProject
Project("{9A19103F-16F7-4668-BE54-9A1E7A4F7556}") = "R5T.Suebia.Alamania", "..\..\R5T.Suebia.Alamania\source\R5T.Suebia.Alamania\R5T.Suebia.Alamania.csproj", "{9BB924DE-9CAB-4EE6-90F6-744AEA83A1D7}"
EndProject
Project("{9A19103F-16F7-4668-BE54-9A1E7A4F7556}") = "R5T.Suebia.Base", "..\..\R5T.Suebia.Base\source\R5T.Suebia.Base\R5T.Suebia.Base.csproj", "{0B016306-6732-41D3-8594-F038D8DEA101}"
EndProject
Project("{9A19103F-16F7-4668-BE54-9A1E7A4F7556}") = "R5T.Visigothia.Default.Local", "..\..\R5T.Visigothia.Default.Local\source\R5T.Visigothia.Default.Local\R5T.Visigothia.Default.Local.csproj", "{FD75F63E-FED0-40BA-80CE-DAEA703B0C81}"
EndProject
Project("{9A19103F-16F7-4668-BE54-9A1E7A4F7556}") = "R5T.Shrewsbury.Default", "..\..\R5T.Shrewsbury.Default\source\R5T.Shrewsbury.Default\R5T.Shrewsbury.Default.csproj", "{FCF2BBE3-E187-4A25-B562-F5BCADAC71AF}"
EndProject
Project("{9A19103F-16F7-4668-BE54-9A1E7A4F7556}") = "R5T.Macommania.Base", "..\..\R5T.Macommania.Base\source\R5T.Macommania.Base\R5T.Macommania.Base.csproj", "{8970221A-B106-4FE8-B0E2-5ACE754E0B4C}"
EndProject
Project("{9A19103F-16F7-4668-BE54-9A1E7A4F7556}") = "R5T.Venetia", "..\..\R5T.Venetia\source\R5T.Venetia\R5T.Venetia.csproj", "{EB9CDAF8-5E42-4FD5-B8B2-065391DC9628}"
EndProject
Global
	GlobalSection(SolutionConfigurationPlatforms) = preSolution
		Debug|Any CPU = Debug|Any CPU
		Debug|x64 = Debug|x64
		Debug|x86 = Debug|x86
		Release|Any CPU = Release|Any CPU
		Release|x64 = Release|x64
		Release|x86 = Release|x86
	EndGlobalSection
	GlobalSection(ProjectConfigurationPlatforms) = postSolution
		{3F770D56-AE61-49FA-B2F7-5315BCA30EFD}.Debug|Any CPU.ActiveCfg = Debug|Any CPU
		{3F770D56-AE61-49FA-B2F7-5315BCA30EFD}.Debug|Any CPU.Build.0 = Debug|Any CPU
		{3F770D56-AE61-49FA-B2F7-5315BCA30EFD}.Debug|x64.ActiveCfg = Debug|Any CPU
		{3F770D56-AE61-49FA-B2F7-5315BCA30EFD}.Debug|x64.Build.0 = Debug|Any CPU
		{3F770D56-AE61-49FA-B2F7-5315BCA30EFD}.Debug|x86.ActiveCfg = Debug|Any CPU
		{3F770D56-AE61-49FA-B2F7-5315BCA30EFD}.Debug|x86.Build.0 = Debug|Any CPU
		{3F770D56-AE61-49FA-B2F7-5315BCA30EFD}.Release|Any CPU.ActiveCfg = Release|Any CPU
		{3F770D56-AE61-49FA-B2F7-5315BCA30EFD}.Release|Any CPU.Build.0 = Release|Any CPU
		{3F770D56-AE61-49FA-B2F7-5315BCA30EFD}.Release|x64.ActiveCfg = Release|Any CPU
		{3F770D56-AE61-49FA-B2F7-5315BCA30EFD}.Release|x64.Build.0 = Release|Any CPU
		{3F770D56-AE61-49FA-B2F7-5315BCA30EFD}.Release|x86.ActiveCfg = Release|Any CPU
		{3F770D56-AE61-49FA-B2F7-5315BCA30EFD}.Release|x86.Build.0 = Release|Any CPU
		{F59C8ADA-6852-4DEA-B1F0-CFD2C233029C}.Debug|Any CPU.ActiveCfg = Debug|Any CPU
		{F59C8ADA-6852-4DEA-B1F0-CFD2C233029C}.Debug|Any CPU.Build.0 = Debug|Any CPU
		{F59C8ADA-6852-4DEA-B1F0-CFD2C233029C}.Debug|x64.ActiveCfg = Debug|Any CPU
		{F59C8ADA-6852-4DEA-B1F0-CFD2C233029C}.Debug|x64.Build.0 = Debug|Any CPU
		{F59C8ADA-6852-4DEA-B1F0-CFD2C233029C}.Debug|x86.ActiveCfg = Debug|Any CPU
		{F59C8ADA-6852-4DEA-B1F0-CFD2C233029C}.Debug|x86.Build.0 = Debug|Any CPU
		{F59C8ADA-6852-4DEA-B1F0-CFD2C233029C}.Release|Any CPU.ActiveCfg = Release|Any CPU
		{F59C8ADA-6852-4DEA-B1F0-CFD2C233029C}.Release|Any CPU.Build.0 = Release|Any CPU
		{F59C8ADA-6852-4DEA-B1F0-CFD2C233029C}.Release|x64.ActiveCfg = Release|Any CPU
		{F59C8ADA-6852-4DEA-B1F0-CFD2C233029C}.Release|x64.Build.0 = Release|Any CPU
		{F59C8ADA-6852-4DEA-B1F0-CFD2C233029C}.Release|x86.ActiveCfg = Release|Any CPU
		{F59C8ADA-6852-4DEA-B1F0-CFD2C233029C}.Release|x86.Build.0 = Release|Any CPU
		{91FA14E7-DF97-49B6-943A-B6A69732979D}.Debug|Any CPU.ActiveCfg = Debug|Any CPU
		{91FA14E7-DF97-49B6-943A-B6A69732979D}.Debug|Any CPU.Build.0 = Debug|Any CPU
		{91FA14E7-DF97-49B6-943A-B6A69732979D}.Debug|x64.ActiveCfg = Debug|Any CPU
		{91FA14E7-DF97-49B6-943A-B6A69732979D}.Debug|x64.Build.0 = Debug|Any CPU
		{91FA14E7-DF97-49B6-943A-B6A69732979D}.Debug|x86.ActiveCfg = Debug|Any CPU
		{91FA14E7-DF97-49B6-943A-B6A69732979D}.Debug|x86.Build.0 = Debug|Any CPU
		{91FA14E7-DF97-49B6-943A-B6A69732979D}.Release|Any CPU.ActiveCfg = Release|Any CPU
		{91FA14E7-DF97-49B6-943A-B6A69732979D}.Release|Any CPU.Build.0 = Release|Any CPU
		{91FA14E7-DF97-49B6-943A-B6A69732979D}.Release|x64.ActiveCfg = Release|Any CPU
		{91FA14E7-DF97-49B6-943A-B6A69732979D}.Release|x64.Build.0 = Release|Any CPU
		{91FA14E7-DF97-49B6-943A-B6A69732979D}.Release|x86.ActiveCfg = Release|Any CPU
		{91FA14E7-DF97-49B6-943A-B6A69732979D}.Release|x86.Build.0 = Release|Any CPU
		{279A5C9F-B18D-4984-9A14-2FD88971BA28}.Debug|Any CPU.ActiveCfg = Debug|Any CPU
		{279A5C9F-B18D-4984-9A14-2FD88971BA28}.Debug|Any CPU.Build.0 = Debug|Any CPU
		{279A5C9F-B18D-4984-9A14-2FD88971BA28}.Debug|x64.ActiveCfg = Debug|Any CPU
		{279A5C9F-B18D-4984-9A14-2FD88971BA28}.Debug|x64.Build.0 = Debug|Any CPU
		{279A5C9F-B18D-4984-9A14-2FD88971BA28}.Debug|x86.ActiveCfg = Debug|Any CPU
		{279A5C9F-B18D-4984-9A14-2FD88971BA28}.Debug|x86.Build.0 = Debug|Any CPU
		{279A5C9F-B18D-4984-9A14-2FD88971BA28}.Release|Any CPU.ActiveCfg = Release|Any CPU
		{279A5C9F-B18D-4984-9A14-2FD88971BA28}.Release|Any CPU.Build.0 = Release|Any CPU
		{279A5C9F-B18D-4984-9A14-2FD88971BA28}.Release|x64.ActiveCfg = Release|Any CPU
		{279A5C9F-B18D-4984-9A14-2FD88971BA28}.Release|x64.Build.0 = Release|Any CPU
		{279A5C9F-B18D-4984-9A14-2FD88971BA28}.Release|x86.ActiveCfg = Release|Any CPU
		{279A5C9F-B18D-4984-9A14-2FD88971BA28}.Release|x86.Build.0 = Release|Any CPU
		{55C0C115-ABE9-48E6-938C-DC1D4CE88C5C}.Debug|Any CPU.ActiveCfg = Debug|Any CPU
		{55C0C115-ABE9-48E6-938C-DC1D4CE88C5C}.Debug|Any CPU.Build.0 = Debug|Any CPU
		{55C0C115-ABE9-48E6-938C-DC1D4CE88C5C}.Debug|x64.ActiveCfg = Debug|Any CPU
		{55C0C115-ABE9-48E6-938C-DC1D4CE88C5C}.Debug|x64.Build.0 = Debug|Any CPU
		{55C0C115-ABE9-48E6-938C-DC1D4CE88C5C}.Debug|x86.ActiveCfg = Debug|Any CPU
		{55C0C115-ABE9-48E6-938C-DC1D4CE88C5C}.Debug|x86.Build.0 = Debug|Any CPU
		{55C0C115-ABE9-48E6-938C-DC1D4CE88C5C}.Release|Any CPU.ActiveCfg = Release|Any CPU
		{55C0C115-ABE9-48E6-938C-DC1D4CE88C5C}.Release|Any CPU.Build.0 = Release|Any CPU
		{55C0C115-ABE9-48E6-938C-DC1D4CE88C5C}.Release|x64.ActiveCfg = Release|Any CPU
		{55C0C115-ABE9-48E6-938C-DC1D4CE88C5C}.Release|x64.Build.0 = Release|Any CPU
		{55C0C115-ABE9-48E6-938C-DC1D4CE88C5C}.Release|x86.ActiveCfg = Release|Any CPU
		{55C0C115-ABE9-48E6-938C-DC1D4CE88C5C}.Release|x86.Build.0 = Release|Any CPU
		{1F611EF0-9FE7-4133-A812-C7906F2E2CD3}.Debug|Any CPU.ActiveCfg = Debug|Any CPU
		{1F611EF0-9FE7-4133-A812-C7906F2E2CD3}.Debug|Any CPU.Build.0 = Debug|Any CPU
		{1F611EF0-9FE7-4133-A812-C7906F2E2CD3}.Debug|x64.ActiveCfg = Debug|Any CPU
		{1F611EF0-9FE7-4133-A812-C7906F2E2CD3}.Debug|x64.Build.0 = Debug|Any CPU
		{1F611EF0-9FE7-4133-A812-C7906F2E2CD3}.Debug|x86.ActiveCfg = Debug|Any CPU
		{1F611EF0-9FE7-4133-A812-C7906F2E2CD3}.Debug|x86.Build.0 = Debug|Any CPU
		{1F611EF0-9FE7-4133-A812-C7906F2E2CD3}.Release|Any CPU.ActiveCfg = Release|Any CPU
		{1F611EF0-9FE7-4133-A812-C7906F2E2CD3}.Release|Any CPU.Build.0 = Release|Any CPU
		{1F611EF0-9FE7-4133-A812-C7906F2E2CD3}.Release|x64.ActiveCfg = Release|Any CPU
		{1F611EF0-9FE7-4133-A812-C7906F2E2CD3}.Release|x64.Build.0 = Release|Any CPU
		{1F611EF0-9FE7-4133-A812-C7906F2E2CD3}.Release|x86.ActiveCfg = Release|Any CPU
		{1F611EF0-9FE7-4133-A812-C7906F2E2CD3}.Release|x86.Build.0 = Release|Any CPU
		{676ED999-B842-437A-8C8B-97FC9E0C3BB0}.Debug|Any CPU.ActiveCfg = Debug|Any CPU
		{676ED999-B842-437A-8C8B-97FC9E0C3BB0}.Debug|Any CPU.Build.0 = Debug|Any CPU
		{676ED999-B842-437A-8C8B-97FC9E0C3BB0}.Debug|x64.ActiveCfg = Debug|Any CPU
		{676ED999-B842-437A-8C8B-97FC9E0C3BB0}.Debug|x64.Build.0 = Debug|Any CPU
		{676ED999-B842-437A-8C8B-97FC9E0C3BB0}.Debug|x86.ActiveCfg = Debug|Any CPU
		{676ED999-B842-437A-8C8B-97FC9E0C3BB0}.Debug|x86.Build.0 = Debug|Any CPU
		{676ED999-B842-437A-8C8B-97FC9E0C3BB0}.Release|Any CPU.ActiveCfg = Release|Any CPU
		{676ED999-B842-437A-8C8B-97FC9E0C3BB0}.Release|Any CPU.Build.0 = Release|Any CPU
		{676ED999-B842-437A-8C8B-97FC9E0C3BB0}.Release|x64.ActiveCfg = Release|Any CPU
		{676ED999-B842-437A-8C8B-97FC9E0C3BB0}.Release|x64.Build.0 = Release|Any CPU
		{676ED999-B842-437A-8C8B-97FC9E0C3BB0}.Release|x86.ActiveCfg = Release|Any CPU
		{676ED999-B842-437A-8C8B-97FC9E0C3BB0}.Release|x86.Build.0 = Release|Any CPU
		{F0C7E1F7-D701-476B-AD64-D85EC98D86CB}.Debug|Any CPU.ActiveCfg = Debug|Any CPU
		{F0C7E1F7-D701-476B-AD64-D85EC98D86CB}.Debug|Any CPU.Build.0 = Debug|Any CPU
		{F0C7E1F7-D701-476B-AD64-D85EC98D86CB}.Debug|x64.ActiveCfg = Debug|Any CPU
		{F0C7E1F7-D701-476B-AD64-D85EC98D86CB}.Debug|x64.Build.0 = Debug|Any CPU
		{F0C7E1F7-D701-476B-AD64-D85EC98D86CB}.Debug|x86.ActiveCfg = Debug|Any CPU
		{F0C7E1F7-D701-476B-AD64-D85EC98D86CB}.Debug|x86.Build.0 = Debug|Any CPU
		{F0C7E1F7-D701-476B-AD64-D85EC98D86CB}.Release|Any CPU.ActiveCfg = Release|Any CPU
		{F0C7E1F7-D701-476B-AD64-D85EC98D86CB}.Release|Any CPU.Build.0 = Release|Any CPU
		{F0C7E1F7-D701-476B-AD64-D85EC98D86CB}.Release|x64.ActiveCfg = Release|Any CPU
		{F0C7E1F7-D701-476B-AD64-D85EC98D86CB}.Release|x64.Build.0 = Release|Any CPU
		{F0C7E1F7-D701-476B-AD64-D85EC98D86CB}.Release|x86.ActiveCfg = Release|Any CPU
		{F0C7E1F7-D701-476B-AD64-D85EC98D86CB}.Release|x86.Build.0 = Release|Any CPU
		{F3326826-A7E4-41B4-A3CA-F6C90F5DBDF0}.Debug|Any CPU.ActiveCfg = Debug|Any CPU
		{F3326826-A7E4-41B4-A3CA-F6C90F5DBDF0}.Debug|Any CPU.Build.0 = Debug|Any CPU
		{F3326826-A7E4-41B4-A3CA-F6C90F5DBDF0}.Debug|x64.ActiveCfg = Debug|Any CPU
		{F3326826-A7E4-41B4-A3CA-F6C90F5DBDF0}.Debug|x64.Build.0 = Debug|Any CPU
		{F3326826-A7E4-41B4-A3CA-F6C90F5DBDF0}.Debug|x86.ActiveCfg = Debug|Any CPU
		{F3326826-A7E4-41B4-A3CA-F6C90F5DBDF0}.Debug|x86.Build.0 = Debug|Any CPU
		{F3326826-A7E4-41B4-A3CA-F6C90F5DBDF0}.Release|Any CPU.ActiveCfg = Release|Any CPU
		{F3326826-A7E4-41B4-A3CA-F6C90F5DBDF0}.Release|Any CPU.Build.0 = Release|Any CPU
		{F3326826-A7E4-41B4-A3CA-F6C90F5DBDF0}.Release|x64.ActiveCfg = Release|Any CPU
		{F3326826-A7E4-41B4-A3CA-F6C90F5DBDF0}.Release|x64.Build.0 = Release|Any CPU
		{F3326826-A7E4-41B4-A3CA-F6C90F5DBDF0}.Release|x86.ActiveCfg = Release|Any CPU
		{F3326826-A7E4-41B4-A3CA-F6C90F5DBDF0}.Release|x86.Build.0 = Release|Any CPU
		{8F9BD35E-D3D5-4A7B-A6C4-CC658DDB4DD0}.Debug|Any CPU.ActiveCfg = Debug|Any CPU
		{8F9BD35E-D3D5-4A7B-A6C4-CC658DDB4DD0}.Debug|Any CPU.Build.0 = Debug|Any CPU
		{8F9BD35E-D3D5-4A7B-A6C4-CC658DDB4DD0}.Debug|x64.ActiveCfg = Debug|Any CPU
		{8F9BD35E-D3D5-4A7B-A6C4-CC658DDB4DD0}.Debug|x64.Build.0 = Debug|Any CPU
		{8F9BD35E-D3D5-4A7B-A6C4-CC658DDB4DD0}.Debug|x86.ActiveCfg = Debug|Any CPU
		{8F9BD35E-D3D5-4A7B-A6C4-CC658DDB4DD0}.Debug|x86.Build.0 = Debug|Any CPU
		{8F9BD35E-D3D5-4A7B-A6C4-CC658DDB4DD0}.Release|Any CPU.ActiveCfg = Release|Any CPU
		{8F9BD35E-D3D5-4A7B-A6C4-CC658DDB4DD0}.Release|Any CPU.Build.0 = Release|Any CPU
		{8F9BD35E-D3D5-4A7B-A6C4-CC658DDB4DD0}.Release|x64.ActiveCfg = Release|Any CPU
		{8F9BD35E-D3D5-4A7B-A6C4-CC658DDB4DD0}.Release|x64.Build.0 = Release|Any CPU
		{8F9BD35E-D3D5-4A7B-A6C4-CC658DDB4DD0}.Release|x86.ActiveCfg = Release|Any CPU
		{8F9BD35E-D3D5-4A7B-A6C4-CC658DDB4DD0}.Release|x86.Build.0 = Release|Any CPU
		{81588697-5241-4315-B626-ABBF6EC690EB}.Debug|Any CPU.ActiveCfg = Debug|Any CPU
		{81588697-5241-4315-B626-ABBF6EC690EB}.Debug|Any CPU.Build.0 = Debug|Any CPU
		{81588697-5241-4315-B626-ABBF6EC690EB}.Debug|x64.ActiveCfg = Debug|Any CPU
		{81588697-5241-4315-B626-ABBF6EC690EB}.Debug|x64.Build.0 = Debug|Any CPU
		{81588697-5241-4315-B626-ABBF6EC690EB}.Debug|x86.ActiveCfg = Debug|Any CPU
		{81588697-5241-4315-B626-ABBF6EC690EB}.Debug|x86.Build.0 = Debug|Any CPU
		{81588697-5241-4315-B626-ABBF6EC690EB}.Release|Any CPU.ActiveCfg = Release|Any CPU
		{81588697-5241-4315-B626-ABBF6EC690EB}.Release|Any CPU.Build.0 = Release|Any CPU
		{81588697-5241-4315-B626-ABBF6EC690EB}.Release|x64.ActiveCfg = Release|Any CPU
		{81588697-5241-4315-B626-ABBF6EC690EB}.Release|x64.Build.0 = Release|Any CPU
		{81588697-5241-4315-B626-ABBF6EC690EB}.Release|x86.ActiveCfg = Release|Any CPU
		{81588697-5241-4315-B626-ABBF6EC690EB}.Release|x86.Build.0 = Release|Any CPU
		{F698C785-E5C0-4CFA-83EA-A33B37B6C924}.Debug|Any CPU.ActiveCfg = Debug|Any CPU
		{F698C785-E5C0-4CFA-83EA-A33B37B6C924}.Debug|Any CPU.Build.0 = Debug|Any CPU
		{F698C785-E5C0-4CFA-83EA-A33B37B6C924}.Debug|x64.ActiveCfg = Debug|Any CPU
		{F698C785-E5C0-4CFA-83EA-A33B37B6C924}.Debug|x64.Build.0 = Debug|Any CPU
		{F698C785-E5C0-4CFA-83EA-A33B37B6C924}.Debug|x86.ActiveCfg = Debug|Any CPU
		{F698C785-E5C0-4CFA-83EA-A33B37B6C924}.Debug|x86.Build.0 = Debug|Any CPU
		{F698C785-E5C0-4CFA-83EA-A33B37B6C924}.Release|Any CPU.ActiveCfg = Release|Any CPU
		{F698C785-E5C0-4CFA-83EA-A33B37B6C924}.Release|Any CPU.Build.0 = Release|Any CPU
		{F698C785-E5C0-4CFA-83EA-A33B37B6C924}.Release|x64.ActiveCfg = Release|Any CPU
		{F698C785-E5C0-4CFA-83EA-A33B37B6C924}.Release|x64.Build.0 = Release|Any CPU
		{F698C785-E5C0-4CFA-83EA-A33B37B6C924}.Release|x86.ActiveCfg = Release|Any CPU
		{F698C785-E5C0-4CFA-83EA-A33B37B6C924}.Release|x86.Build.0 = Release|Any CPU
		{75CB3D26-F132-4D11-BD8B-9A96DB24D623}.Debug|Any CPU.ActiveCfg = Debug|Any CPU
		{75CB3D26-F132-4D11-BD8B-9A96DB24D623}.Debug|Any CPU.Build.0 = Debug|Any CPU
		{75CB3D26-F132-4D11-BD8B-9A96DB24D623}.Debug|x64.ActiveCfg = Debug|Any CPU
		{75CB3D26-F132-4D11-BD8B-9A96DB24D623}.Debug|x64.Build.0 = Debug|Any CPU
		{75CB3D26-F132-4D11-BD8B-9A96DB24D623}.Debug|x86.ActiveCfg = Debug|Any CPU
		{75CB3D26-F132-4D11-BD8B-9A96DB24D623}.Debug|x86.Build.0 = Debug|Any CPU
		{75CB3D26-F132-4D11-BD8B-9A96DB24D623}.Release|Any CPU.ActiveCfg = Release|Any CPU
		{75CB3D26-F132-4D11-BD8B-9A96DB24D623}.Release|Any CPU.Build.0 = Release|Any CPU
		{75CB3D26-F132-4D11-BD8B-9A96DB24D623}.Release|x64.ActiveCfg = Release|Any CPU
		{75CB3D26-F132-4D11-BD8B-9A96DB24D623}.Release|x64.Build.0 = Release|Any CPU
		{75CB3D26-F132-4D11-BD8B-9A96DB24D623}.Release|x86.ActiveCfg = Release|Any CPU
		{75CB3D26-F132-4D11-BD8B-9A96DB24D623}.Release|x86.Build.0 = Release|Any CPU
		{A9EB82DC-A621-487A-99E8-3889171E8508}.Debug|Any CPU.ActiveCfg = Debug|Any CPU
		{A9EB82DC-A621-487A-99E8-3889171E8508}.Debug|Any CPU.Build.0 = Debug|Any CPU
		{A9EB82DC-A621-487A-99E8-3889171E8508}.Debug|x64.ActiveCfg = Debug|Any CPU
		{A9EB82DC-A621-487A-99E8-3889171E8508}.Debug|x64.Build.0 = Debug|Any CPU
		{A9EB82DC-A621-487A-99E8-3889171E8508}.Debug|x86.ActiveCfg = Debug|Any CPU
		{A9EB82DC-A621-487A-99E8-3889171E8508}.Debug|x86.Build.0 = Debug|Any CPU
		{A9EB82DC-A621-487A-99E8-3889171E8508}.Release|Any CPU.ActiveCfg = Release|Any CPU
		{A9EB82DC-A621-487A-99E8-3889171E8508}.Release|Any CPU.Build.0 = Release|Any CPU
		{A9EB82DC-A621-487A-99E8-3889171E8508}.Release|x64.ActiveCfg = Release|Any CPU
		{A9EB82DC-A621-487A-99E8-3889171E8508}.Release|x64.Build.0 = Release|Any CPU
		{A9EB82DC-A621-487A-99E8-3889171E8508}.Release|x86.ActiveCfg = Release|Any CPU
		{A9EB82DC-A621-487A-99E8-3889171E8508}.Release|x86.Build.0 = Release|Any CPU
		{B1157B2F-C05C-420E-8AFE-261111257096}.Debug|Any CPU.ActiveCfg = Debug|Any CPU
		{B1157B2F-C05C-420E-8AFE-261111257096}.Debug|Any CPU.Build.0 = Debug|Any CPU
		{B1157B2F-C05C-420E-8AFE-261111257096}.Debug|x64.ActiveCfg = Debug|Any CPU
		{B1157B2F-C05C-420E-8AFE-261111257096}.Debug|x64.Build.0 = Debug|Any CPU
		{B1157B2F-C05C-420E-8AFE-261111257096}.Debug|x86.ActiveCfg = Debug|Any CPU
		{B1157B2F-C05C-420E-8AFE-261111257096}.Debug|x86.Build.0 = Debug|Any CPU
		{B1157B2F-C05C-420E-8AFE-261111257096}.Release|Any CPU.ActiveCfg = Release|Any CPU
		{B1157B2F-C05C-420E-8AFE-261111257096}.Release|Any CPU.Build.0 = Release|Any CPU
		{B1157B2F-C05C-420E-8AFE-261111257096}.Release|x64.ActiveCfg = Release|Any CPU
		{B1157B2F-C05C-420E-8AFE-261111257096}.Release|x64.Build.0 = Release|Any CPU
		{B1157B2F-C05C-420E-8AFE-261111257096}.Release|x86.ActiveCfg = Release|Any CPU
		{B1157B2F-C05C-420E-8AFE-261111257096}.Release|x86.Build.0 = Release|Any CPU
		{8E7723C8-2898-46F2-87F1-D915B0E0E282}.Debug|Any CPU.ActiveCfg = Debug|Any CPU
		{8E7723C8-2898-46F2-87F1-D915B0E0E282}.Debug|Any CPU.Build.0 = Debug|Any CPU
		{8E7723C8-2898-46F2-87F1-D915B0E0E282}.Debug|x64.ActiveCfg = Debug|Any CPU
		{8E7723C8-2898-46F2-87F1-D915B0E0E282}.Debug|x64.Build.0 = Debug|Any CPU
		{8E7723C8-2898-46F2-87F1-D915B0E0E282}.Debug|x86.ActiveCfg = Debug|Any CPU
		{8E7723C8-2898-46F2-87F1-D915B0E0E282}.Debug|x86.Build.0 = Debug|Any CPU
		{8E7723C8-2898-46F2-87F1-D915B0E0E282}.Release|Any CPU.ActiveCfg = Release|Any CPU
		{8E7723C8-2898-46F2-87F1-D915B0E0E282}.Release|Any CPU.Build.0 = Release|Any CPU
		{8E7723C8-2898-46F2-87F1-D915B0E0E282}.Release|x64.ActiveCfg = Release|Any CPU
		{8E7723C8-2898-46F2-87F1-D915B0E0E282}.Release|x64.Build.0 = Release|Any CPU
		{8E7723C8-2898-46F2-87F1-D915B0E0E282}.Release|x86.ActiveCfg = Release|Any CPU
		{8E7723C8-2898-46F2-87F1-D915B0E0E282}.Release|x86.Build.0 = Release|Any CPU
		{2C502F8C-3D7F-4BC1-ACD0-3C748387750E}.Debug|Any CPU.ActiveCfg = Debug|Any CPU
		{2C502F8C-3D7F-4BC1-ACD0-3C748387750E}.Debug|Any CPU.Build.0 = Debug|Any CPU
		{2C502F8C-3D7F-4BC1-ACD0-3C748387750E}.Debug|x64.ActiveCfg = Debug|Any CPU
		{2C502F8C-3D7F-4BC1-ACD0-3C748387750E}.Debug|x64.Build.0 = Debug|Any CPU
		{2C502F8C-3D7F-4BC1-ACD0-3C748387750E}.Debug|x86.ActiveCfg = Debug|Any CPU
		{2C502F8C-3D7F-4BC1-ACD0-3C748387750E}.Debug|x86.Build.0 = Debug|Any CPU
		{2C502F8C-3D7F-4BC1-ACD0-3C748387750E}.Release|Any CPU.ActiveCfg = Release|Any CPU
		{2C502F8C-3D7F-4BC1-ACD0-3C748387750E}.Release|Any CPU.Build.0 = Release|Any CPU
		{2C502F8C-3D7F-4BC1-ACD0-3C748387750E}.Release|x64.ActiveCfg = Release|Any CPU
		{2C502F8C-3D7F-4BC1-ACD0-3C748387750E}.Release|x64.Build.0 = Release|Any CPU
		{2C502F8C-3D7F-4BC1-ACD0-3C748387750E}.Release|x86.ActiveCfg = Release|Any CPU
		{2C502F8C-3D7F-4BC1-ACD0-3C748387750E}.Release|x86.Build.0 = Release|Any CPU
		{71109B99-9483-4B9E-82FB-DA902F9CFAD7}.Debug|Any CPU.ActiveCfg = Debug|Any CPU
		{71109B99-9483-4B9E-82FB-DA902F9CFAD7}.Debug|Any CPU.Build.0 = Debug|Any CPU
		{71109B99-9483-4B9E-82FB-DA902F9CFAD7}.Debug|x64.ActiveCfg = Debug|Any CPU
		{71109B99-9483-4B9E-82FB-DA902F9CFAD7}.Debug|x64.Build.0 = Debug|Any CPU
		{71109B99-9483-4B9E-82FB-DA902F9CFAD7}.Debug|x86.ActiveCfg = Debug|Any CPU
		{71109B99-9483-4B9E-82FB-DA902F9CFAD7}.Debug|x86.Build.0 = Debug|Any CPU
		{71109B99-9483-4B9E-82FB-DA902F9CFAD7}.Release|Any CPU.ActiveCfg = Release|Any CPU
		{71109B99-9483-4B9E-82FB-DA902F9CFAD7}.Release|Any CPU.Build.0 = Release|Any CPU
		{71109B99-9483-4B9E-82FB-DA902F9CFAD7}.Release|x64.ActiveCfg = Release|Any CPU
		{71109B99-9483-4B9E-82FB-DA902F9CFAD7}.Release|x64.Build.0 = Release|Any CPU
		{71109B99-9483-4B9E-82FB-DA902F9CFAD7}.Release|x86.ActiveCfg = Release|Any CPU
		{71109B99-9483-4B9E-82FB-DA902F9CFAD7}.Release|x86.Build.0 = Release|Any CPU
		{0B6932FC-F47A-4B91-AAA1-284176003EE8}.Debug|Any CPU.ActiveCfg = Debug|Any CPU
		{0B6932FC-F47A-4B91-AAA1-284176003EE8}.Debug|Any CPU.Build.0 = Debug|Any CPU
		{0B6932FC-F47A-4B91-AAA1-284176003EE8}.Debug|x64.ActiveCfg = Debug|Any CPU
		{0B6932FC-F47A-4B91-AAA1-284176003EE8}.Debug|x64.Build.0 = Debug|Any CPU
		{0B6932FC-F47A-4B91-AAA1-284176003EE8}.Debug|x86.ActiveCfg = Debug|Any CPU
		{0B6932FC-F47A-4B91-AAA1-284176003EE8}.Debug|x86.Build.0 = Debug|Any CPU
		{0B6932FC-F47A-4B91-AAA1-284176003EE8}.Release|Any CPU.ActiveCfg = Release|Any CPU
		{0B6932FC-F47A-4B91-AAA1-284176003EE8}.Release|Any CPU.Build.0 = Release|Any CPU
		{0B6932FC-F47A-4B91-AAA1-284176003EE8}.Release|x64.ActiveCfg = Release|Any CPU
		{0B6932FC-F47A-4B91-AAA1-284176003EE8}.Release|x64.Build.0 = Release|Any CPU
		{0B6932FC-F47A-4B91-AAA1-284176003EE8}.Release|x86.ActiveCfg = Release|Any CPU
		{0B6932FC-F47A-4B91-AAA1-284176003EE8}.Release|x86.Build.0 = Release|Any CPU
		{23F4D6C6-B371-4A8B-BB07-0C3815ADC1E9}.Debug|Any CPU.ActiveCfg = Debug|Any CPU
		{23F4D6C6-B371-4A8B-BB07-0C3815ADC1E9}.Debug|Any CPU.Build.0 = Debug|Any CPU
		{23F4D6C6-B371-4A8B-BB07-0C3815ADC1E9}.Debug|x64.ActiveCfg = Debug|Any CPU
		{23F4D6C6-B371-4A8B-BB07-0C3815ADC1E9}.Debug|x64.Build.0 = Debug|Any CPU
		{23F4D6C6-B371-4A8B-BB07-0C3815ADC1E9}.Debug|x86.ActiveCfg = Debug|Any CPU
		{23F4D6C6-B371-4A8B-BB07-0C3815ADC1E9}.Debug|x86.Build.0 = Debug|Any CPU
		{23F4D6C6-B371-4A8B-BB07-0C3815ADC1E9}.Release|Any CPU.ActiveCfg = Release|Any CPU
		{23F4D6C6-B371-4A8B-BB07-0C3815ADC1E9}.Release|Any CPU.Build.0 = Release|Any CPU
		{23F4D6C6-B371-4A8B-BB07-0C3815ADC1E9}.Release|x64.ActiveCfg = Release|Any CPU
		{23F4D6C6-B371-4A8B-BB07-0C3815ADC1E9}.Release|x64.Build.0 = Release|Any CPU
		{23F4D6C6-B371-4A8B-BB07-0C3815ADC1E9}.Release|x86.ActiveCfg = Release|Any CPU
		{23F4D6C6-B371-4A8B-BB07-0C3815ADC1E9}.Release|x86.Build.0 = Release|Any CPU
		{93B46FCC-5708-4B81-B525-F8FA5447F06C}.Debug|Any CPU.ActiveCfg = Debug|Any CPU
		{93B46FCC-5708-4B81-B525-F8FA5447F06C}.Debug|Any CPU.Build.0 = Debug|Any CPU
		{93B46FCC-5708-4B81-B525-F8FA5447F06C}.Debug|x64.ActiveCfg = Debug|Any CPU
		{93B46FCC-5708-4B81-B525-F8FA5447F06C}.Debug|x64.Build.0 = Debug|Any CPU
		{93B46FCC-5708-4B81-B525-F8FA5447F06C}.Debug|x86.ActiveCfg = Debug|Any CPU
		{93B46FCC-5708-4B81-B525-F8FA5447F06C}.Debug|x86.Build.0 = Debug|Any CPU
		{93B46FCC-5708-4B81-B525-F8FA5447F06C}.Release|Any CPU.ActiveCfg = Release|Any CPU
		{93B46FCC-5708-4B81-B525-F8FA5447F06C}.Release|Any CPU.Build.0 = Release|Any CPU
		{93B46FCC-5708-4B81-B525-F8FA5447F06C}.Release|x64.ActiveCfg = Release|Any CPU
		{93B46FCC-5708-4B81-B525-F8FA5447F06C}.Release|x64.Build.0 = Release|Any CPU
		{93B46FCC-5708-4B81-B525-F8FA5447F06C}.Release|x86.ActiveCfg = Release|Any CPU
		{93B46FCC-5708-4B81-B525-F8FA5447F06C}.Release|x86.Build.0 = Release|Any CPU
		{3FB6294C-0063-49B5-A785-BD4DC89F2BF5}.Debug|Any CPU.ActiveCfg = Debug|Any CPU
		{3FB6294C-0063-49B5-A785-BD4DC89F2BF5}.Debug|Any CPU.Build.0 = Debug|Any CPU
		{3FB6294C-0063-49B5-A785-BD4DC89F2BF5}.Debug|x64.ActiveCfg = Debug|Any CPU
		{3FB6294C-0063-49B5-A785-BD4DC89F2BF5}.Debug|x64.Build.0 = Debug|Any CPU
		{3FB6294C-0063-49B5-A785-BD4DC89F2BF5}.Debug|x86.ActiveCfg = Debug|Any CPU
		{3FB6294C-0063-49B5-A785-BD4DC89F2BF5}.Debug|x86.Build.0 = Debug|Any CPU
		{3FB6294C-0063-49B5-A785-BD4DC89F2BF5}.Release|Any CPU.ActiveCfg = Release|Any CPU
		{3FB6294C-0063-49B5-A785-BD4DC89F2BF5}.Release|Any CPU.Build.0 = Release|Any CPU
		{3FB6294C-0063-49B5-A785-BD4DC89F2BF5}.Release|x64.ActiveCfg = Release|Any CPU
		{3FB6294C-0063-49B5-A785-BD4DC89F2BF5}.Release|x64.Build.0 = Release|Any CPU
		{3FB6294C-0063-49B5-A785-BD4DC89F2BF5}.Release|x86.ActiveCfg = Release|Any CPU
		{3FB6294C-0063-49B5-A785-BD4DC89F2BF5}.Release|x86.Build.0 = Release|Any CPU
		{F92A1D8F-39EB-4AC4-BEF5-AEB3D798C9C7}.Debug|Any CPU.ActiveCfg = Debug|Any CPU
		{F92A1D8F-39EB-4AC4-BEF5-AEB3D798C9C7}.Debug|Any CPU.Build.0 = Debug|Any CPU
		{F92A1D8F-39EB-4AC4-BEF5-AEB3D798C9C7}.Debug|x64.ActiveCfg = Debug|Any CPU
		{F92A1D8F-39EB-4AC4-BEF5-AEB3D798C9C7}.Debug|x64.Build.0 = Debug|Any CPU
		{F92A1D8F-39EB-4AC4-BEF5-AEB3D798C9C7}.Debug|x86.ActiveCfg = Debug|Any CPU
		{F92A1D8F-39EB-4AC4-BEF5-AEB3D798C9C7}.Debug|x86.Build.0 = Debug|Any CPU
		{F92A1D8F-39EB-4AC4-BEF5-AEB3D798C9C7}.Release|Any CPU.ActiveCfg = Release|Any CPU
		{F92A1D8F-39EB-4AC4-BEF5-AEB3D798C9C7}.Release|Any CPU.Build.0 = Release|Any CPU
		{F92A1D8F-39EB-4AC4-BEF5-AEB3D798C9C7}.Release|x64.ActiveCfg = Release|Any CPU
		{F92A1D8F-39EB-4AC4-BEF5-AEB3D798C9C7}.Release|x64.Build.0 = Release|Any CPU
		{F92A1D8F-39EB-4AC4-BEF5-AEB3D798C9C7}.Release|x86.ActiveCfg = Release|Any CPU
		{F92A1D8F-39EB-4AC4-BEF5-AEB3D798C9C7}.Release|x86.Build.0 = Release|Any CPU
		{27B35F01-A123-4BB0-8391-F8682C71FACD}.Debug|Any CPU.ActiveCfg = Debug|Any CPU
		{27B35F01-A123-4BB0-8391-F8682C71FACD}.Debug|Any CPU.Build.0 = Debug|Any CPU
		{27B35F01-A123-4BB0-8391-F8682C71FACD}.Debug|x64.ActiveCfg = Debug|Any CPU
		{27B35F01-A123-4BB0-8391-F8682C71FACD}.Debug|x64.Build.0 = Debug|Any CPU
		{27B35F01-A123-4BB0-8391-F8682C71FACD}.Debug|x86.ActiveCfg = Debug|Any CPU
		{27B35F01-A123-4BB0-8391-F8682C71FACD}.Debug|x86.Build.0 = Debug|Any CPU
		{27B35F01-A123-4BB0-8391-F8682C71FACD}.Release|Any CPU.ActiveCfg = Release|Any CPU
		{27B35F01-A123-4BB0-8391-F8682C71FACD}.Release|Any CPU.Build.0 = Release|Any CPU
		{27B35F01-A123-4BB0-8391-F8682C71FACD}.Release|x64.ActiveCfg = Release|Any CPU
		{27B35F01-A123-4BB0-8391-F8682C71FACD}.Release|x64.Build.0 = Release|Any CPU
		{27B35F01-A123-4BB0-8391-F8682C71FACD}.Release|x86.ActiveCfg = Release|Any CPU
		{27B35F01-A123-4BB0-8391-F8682C71FACD}.Release|x86.Build.0 = Release|Any CPU
		{A032114C-B6C5-4525-AB69-119BC1CF48E9}.Debug|Any CPU.ActiveCfg = Debug|Any CPU
		{A032114C-B6C5-4525-AB69-119BC1CF48E9}.Debug|Any CPU.Build.0 = Debug|Any CPU
		{A032114C-B6C5-4525-AB69-119BC1CF48E9}.Debug|x64.ActiveCfg = Debug|Any CPU
		{A032114C-B6C5-4525-AB69-119BC1CF48E9}.Debug|x64.Build.0 = Debug|Any CPU
		{A032114C-B6C5-4525-AB69-119BC1CF48E9}.Debug|x86.ActiveCfg = Debug|Any CPU
		{A032114C-B6C5-4525-AB69-119BC1CF48E9}.Debug|x86.Build.0 = Debug|Any CPU
		{A032114C-B6C5-4525-AB69-119BC1CF48E9}.Release|Any CPU.ActiveCfg = Release|Any CPU
		{A032114C-B6C5-4525-AB69-119BC1CF48E9}.Release|Any CPU.Build.0 = Release|Any CPU
		{A032114C-B6C5-4525-AB69-119BC1CF48E9}.Release|x64.ActiveCfg = Release|Any CPU
		{A032114C-B6C5-4525-AB69-119BC1CF48E9}.Release|x64.Build.0 = Release|Any CPU
		{A032114C-B6C5-4525-AB69-119BC1CF48E9}.Release|x86.ActiveCfg = Release|Any CPU
		{A032114C-B6C5-4525-AB69-119BC1CF48E9}.Release|x86.Build.0 = Release|Any CPU
		{D8707788-B31A-4E42-B8F9-7D927358D816}.Debug|Any CPU.ActiveCfg = Debug|Any CPU
		{D8707788-B31A-4E42-B8F9-7D927358D816}.Debug|Any CPU.Build.0 = Debug|Any CPU
		{D8707788-B31A-4E42-B8F9-7D927358D816}.Debug|x64.ActiveCfg = Debug|Any CPU
		{D8707788-B31A-4E42-B8F9-7D927358D816}.Debug|x64.Build.0 = Debug|Any CPU
		{D8707788-B31A-4E42-B8F9-7D927358D816}.Debug|x86.ActiveCfg = Debug|Any CPU
		{D8707788-B31A-4E42-B8F9-7D927358D816}.Debug|x86.Build.0 = Debug|Any CPU
		{D8707788-B31A-4E42-B8F9-7D927358D816}.Release|Any CPU.ActiveCfg = Release|Any CPU
		{D8707788-B31A-4E42-B8F9-7D927358D816}.Release|Any CPU.Build.0 = Release|Any CPU
		{D8707788-B31A-4E42-B8F9-7D927358D816}.Release|x64.ActiveCfg = Release|Any CPU
		{D8707788-B31A-4E42-B8F9-7D927358D816}.Release|x64.Build.0 = Release|Any CPU
		{D8707788-B31A-4E42-B8F9-7D927358D816}.Release|x86.ActiveCfg = Release|Any CPU
		{D8707788-B31A-4E42-B8F9-7D927358D816}.Release|x86.Build.0 = Release|Any CPU
		{9B687924-7593-4BFF-AB2C-C306428CA0ED}.Debug|Any CPU.ActiveCfg = Debug|Any CPU
		{9B687924-7593-4BFF-AB2C-C306428CA0ED}.Debug|Any CPU.Build.0 = Debug|Any CPU
		{9B687924-7593-4BFF-AB2C-C306428CA0ED}.Debug|x64.ActiveCfg = Debug|Any CPU
		{9B687924-7593-4BFF-AB2C-C306428CA0ED}.Debug|x64.Build.0 = Debug|Any CPU
		{9B687924-7593-4BFF-AB2C-C306428CA0ED}.Debug|x86.ActiveCfg = Debug|Any CPU
		{9B687924-7593-4BFF-AB2C-C306428CA0ED}.Debug|x86.Build.0 = Debug|Any CPU
		{9B687924-7593-4BFF-AB2C-C306428CA0ED}.Release|Any CPU.ActiveCfg = Release|Any CPU
		{9B687924-7593-4BFF-AB2C-C306428CA0ED}.Release|Any CPU.Build.0 = Release|Any CPU
		{9B687924-7593-4BFF-AB2C-C306428CA0ED}.Release|x64.ActiveCfg = Release|Any CPU
		{9B687924-7593-4BFF-AB2C-C306428CA0ED}.Release|x64.Build.0 = Release|Any CPU
		{9B687924-7593-4BFF-AB2C-C306428CA0ED}.Release|x86.ActiveCfg = Release|Any CPU
		{9B687924-7593-4BFF-AB2C-C306428CA0ED}.Release|x86.Build.0 = Release|Any CPU
		{E6A82F56-5B28-453D-8A8C-99374062C836}.Debug|Any CPU.ActiveCfg = Debug|Any CPU
		{E6A82F56-5B28-453D-8A8C-99374062C836}.Debug|Any CPU.Build.0 = Debug|Any CPU
		{E6A82F56-5B28-453D-8A8C-99374062C836}.Debug|x64.ActiveCfg = Debug|Any CPU
		{E6A82F56-5B28-453D-8A8C-99374062C836}.Debug|x64.Build.0 = Debug|Any CPU
		{E6A82F56-5B28-453D-8A8C-99374062C836}.Debug|x86.ActiveCfg = Debug|Any CPU
		{E6A82F56-5B28-453D-8A8C-99374062C836}.Debug|x86.Build.0 = Debug|Any CPU
		{E6A82F56-5B28-453D-8A8C-99374062C836}.Release|Any CPU.ActiveCfg = Release|Any CPU
		{E6A82F56-5B28-453D-8A8C-99374062C836}.Release|Any CPU.Build.0 = Release|Any CPU
		{E6A82F56-5B28-453D-8A8C-99374062C836}.Release|x64.ActiveCfg = Release|Any CPU
		{E6A82F56-5B28-453D-8A8C-99374062C836}.Release|x64.Build.0 = Release|Any CPU
		{E6A82F56-5B28-453D-8A8C-99374062C836}.Release|x86.ActiveCfg = Release|Any CPU
		{E6A82F56-5B28-453D-8A8C-99374062C836}.Release|x86.Build.0 = Release|Any CPU
		{E6D7020A-8C40-439E-8ED5-EC3C7B3739B4}.Debug|Any CPU.ActiveCfg = Debug|Any CPU
		{E6D7020A-8C40-439E-8ED5-EC3C7B3739B4}.Debug|Any CPU.Build.0 = Debug|Any CPU
		{E6D7020A-8C40-439E-8ED5-EC3C7B3739B4}.Debug|x64.ActiveCfg = Debug|Any CPU
		{E6D7020A-8C40-439E-8ED5-EC3C7B3739B4}.Debug|x64.Build.0 = Debug|Any CPU
		{E6D7020A-8C40-439E-8ED5-EC3C7B3739B4}.Debug|x86.ActiveCfg = Debug|Any CPU
		{E6D7020A-8C40-439E-8ED5-EC3C7B3739B4}.Debug|x86.Build.0 = Debug|Any CPU
		{E6D7020A-8C40-439E-8ED5-EC3C7B3739B4}.Release|Any CPU.ActiveCfg = Release|Any CPU
		{E6D7020A-8C40-439E-8ED5-EC3C7B3739B4}.Release|Any CPU.Build.0 = Release|Any CPU
		{E6D7020A-8C40-439E-8ED5-EC3C7B3739B4}.Release|x64.ActiveCfg = Release|Any CPU
		{E6D7020A-8C40-439E-8ED5-EC3C7B3739B4}.Release|x64.Build.0 = Release|Any CPU
		{E6D7020A-8C40-439E-8ED5-EC3C7B3739B4}.Release|x86.ActiveCfg = Release|Any CPU
		{E6D7020A-8C40-439E-8ED5-EC3C7B3739B4}.Release|x86.Build.0 = Release|Any CPU
		{83BBBC77-2C44-4681-B5F0-3E2DA3E63E8B}.Debug|Any CPU.ActiveCfg = Debug|Any CPU
		{83BBBC77-2C44-4681-B5F0-3E2DA3E63E8B}.Debug|Any CPU.Build.0 = Debug|Any CPU
		{83BBBC77-2C44-4681-B5F0-3E2DA3E63E8B}.Debug|x64.ActiveCfg = Debug|Any CPU
		{83BBBC77-2C44-4681-B5F0-3E2DA3E63E8B}.Debug|x64.Build.0 = Debug|Any CPU
		{83BBBC77-2C44-4681-B5F0-3E2DA3E63E8B}.Debug|x86.ActiveCfg = Debug|Any CPU
		{83BBBC77-2C44-4681-B5F0-3E2DA3E63E8B}.Debug|x86.Build.0 = Debug|Any CPU
		{83BBBC77-2C44-4681-B5F0-3E2DA3E63E8B}.Release|Any CPU.ActiveCfg = Release|Any CPU
		{83BBBC77-2C44-4681-B5F0-3E2DA3E63E8B}.Release|Any CPU.Build.0 = Release|Any CPU
		{83BBBC77-2C44-4681-B5F0-3E2DA3E63E8B}.Release|x64.ActiveCfg = Release|Any CPU
		{83BBBC77-2C44-4681-B5F0-3E2DA3E63E8B}.Release|x64.Build.0 = Release|Any CPU
		{83BBBC77-2C44-4681-B5F0-3E2DA3E63E8B}.Release|x86.ActiveCfg = Release|Any CPU
		{83BBBC77-2C44-4681-B5F0-3E2DA3E63E8B}.Release|x86.Build.0 = Release|Any CPU
		{9BB924DE-9CAB-4EE6-90F6-744AEA83A1D7}.Debug|Any CPU.ActiveCfg = Debug|Any CPU
		{9BB924DE-9CAB-4EE6-90F6-744AEA83A1D7}.Debug|Any CPU.Build.0 = Debug|Any CPU
		{9BB924DE-9CAB-4EE6-90F6-744AEA83A1D7}.Debug|x64.ActiveCfg = Debug|Any CPU
		{9BB924DE-9CAB-4EE6-90F6-744AEA83A1D7}.Debug|x64.Build.0 = Debug|Any CPU
		{9BB924DE-9CAB-4EE6-90F6-744AEA83A1D7}.Debug|x86.ActiveCfg = Debug|Any CPU
		{9BB924DE-9CAB-4EE6-90F6-744AEA83A1D7}.Debug|x86.Build.0 = Debug|Any CPU
		{9BB924DE-9CAB-4EE6-90F6-744AEA83A1D7}.Release|Any CPU.ActiveCfg = Release|Any CPU
		{9BB924DE-9CAB-4EE6-90F6-744AEA83A1D7}.Release|Any CPU.Build.0 = Release|Any CPU
		{9BB924DE-9CAB-4EE6-90F6-744AEA83A1D7}.Release|x64.ActiveCfg = Release|Any CPU
		{9BB924DE-9CAB-4EE6-90F6-744AEA83A1D7}.Release|x64.Build.0 = Release|Any CPU
		{9BB924DE-9CAB-4EE6-90F6-744AEA83A1D7}.Release|x86.ActiveCfg = Release|Any CPU
		{9BB924DE-9CAB-4EE6-90F6-744AEA83A1D7}.Release|x86.Build.0 = Release|Any CPU
		{0B016306-6732-41D3-8594-F038D8DEA101}.Debug|Any CPU.ActiveCfg = Debug|Any CPU
		{0B016306-6732-41D3-8594-F038D8DEA101}.Debug|Any CPU.Build.0 = Debug|Any CPU
		{0B016306-6732-41D3-8594-F038D8DEA101}.Debug|x64.ActiveCfg = Debug|Any CPU
		{0B016306-6732-41D3-8594-F038D8DEA101}.Debug|x64.Build.0 = Debug|Any CPU
		{0B016306-6732-41D3-8594-F038D8DEA101}.Debug|x86.ActiveCfg = Debug|Any CPU
		{0B016306-6732-41D3-8594-F038D8DEA101}.Debug|x86.Build.0 = Debug|Any CPU
		{0B016306-6732-41D3-8594-F038D8DEA101}.Release|Any CPU.ActiveCfg = Release|Any CPU
		{0B016306-6732-41D3-8594-F038D8DEA101}.Release|Any CPU.Build.0 = Release|Any CPU
		{0B016306-6732-41D3-8594-F038D8DEA101}.Release|x64.ActiveCfg = Release|Any CPU
		{0B016306-6732-41D3-8594-F038D8DEA101}.Release|x64.Build.0 = Release|Any CPU
		{0B016306-6732-41D3-8594-F038D8DEA101}.Release|x86.ActiveCfg = Release|Any CPU
		{0B016306-6732-41D3-8594-F038D8DEA101}.Release|x86.Build.0 = Release|Any CPU
		{FD75F63E-FED0-40BA-80CE-DAEA703B0C81}.Debug|Any CPU.ActiveCfg = Debug|Any CPU
		{FD75F63E-FED0-40BA-80CE-DAEA703B0C81}.Debug|Any CPU.Build.0 = Debug|Any CPU
		{FD75F63E-FED0-40BA-80CE-DAEA703B0C81}.Debug|x64.ActiveCfg = Debug|Any CPU
		{FD75F63E-FED0-40BA-80CE-DAEA703B0C81}.Debug|x64.Build.0 = Debug|Any CPU
		{FD75F63E-FED0-40BA-80CE-DAEA703B0C81}.Debug|x86.ActiveCfg = Debug|Any CPU
		{FD75F63E-FED0-40BA-80CE-DAEA703B0C81}.Debug|x86.Build.0 = Debug|Any CPU
		{FD75F63E-FED0-40BA-80CE-DAEA703B0C81}.Release|Any CPU.ActiveCfg = Release|Any CPU
		{FD75F63E-FED0-40BA-80CE-DAEA703B0C81}.Release|Any CPU.Build.0 = Release|Any CPU
		{FD75F63E-FED0-40BA-80CE-DAEA703B0C81}.Release|x64.ActiveCfg = Release|Any CPU
		{FD75F63E-FED0-40BA-80CE-DAEA703B0C81}.Release|x64.Build.0 = Release|Any CPU
		{FD75F63E-FED0-40BA-80CE-DAEA703B0C81}.Release|x86.ActiveCfg = Release|Any CPU
		{FD75F63E-FED0-40BA-80CE-DAEA703B0C81}.Release|x86.Build.0 = Release|Any CPU
		{FCF2BBE3-E187-4A25-B562-F5BCADAC71AF}.Debug|Any CPU.ActiveCfg = Debug|Any CPU
		{FCF2BBE3-E187-4A25-B562-F5BCADAC71AF}.Debug|Any CPU.Build.0 = Debug|Any CPU
		{FCF2BBE3-E187-4A25-B562-F5BCADAC71AF}.Debug|x64.ActiveCfg = Debug|Any CPU
		{FCF2BBE3-E187-4A25-B562-F5BCADAC71AF}.Debug|x64.Build.0 = Debug|Any CPU
		{FCF2BBE3-E187-4A25-B562-F5BCADAC71AF}.Debug|x86.ActiveCfg = Debug|Any CPU
		{FCF2BBE3-E187-4A25-B562-F5BCADAC71AF}.Debug|x86.Build.0 = Debug|Any CPU
		{FCF2BBE3-E187-4A25-B562-F5BCADAC71AF}.Release|Any CPU.ActiveCfg = Release|Any CPU
		{FCF2BBE3-E187-4A25-B562-F5BCADAC71AF}.Release|Any CPU.Build.0 = Release|Any CPU
		{FCF2BBE3-E187-4A25-B562-F5BCADAC71AF}.Release|x64.ActiveCfg = Release|Any CPU
		{FCF2BBE3-E187-4A25-B562-F5BCADAC71AF}.Release|x64.Build.0 = Release|Any CPU
		{FCF2BBE3-E187-4A25-B562-F5BCADAC71AF}.Release|x86.ActiveCfg = Release|Any CPU
		{FCF2BBE3-E187-4A25-B562-F5BCADAC71AF}.Release|x86.Build.0 = Release|Any CPU
		{8970221A-B106-4FE8-B0E2-5ACE754E0B4C}.Debug|Any CPU.ActiveCfg = Debug|Any CPU
		{8970221A-B106-4FE8-B0E2-5ACE754E0B4C}.Debug|Any CPU.Build.0 = Debug|Any CPU
		{8970221A-B106-4FE8-B0E2-5ACE754E0B4C}.Debug|x64.ActiveCfg = Debug|Any CPU
		{8970221A-B106-4FE8-B0E2-5ACE754E0B4C}.Debug|x64.Build.0 = Debug|Any CPU
		{8970221A-B106-4FE8-B0E2-5ACE754E0B4C}.Debug|x86.ActiveCfg = Debug|Any CPU
		{8970221A-B106-4FE8-B0E2-5ACE754E0B4C}.Debug|x86.Build.0 = Debug|Any CPU
		{8970221A-B106-4FE8-B0E2-5ACE754E0B4C}.Release|Any CPU.ActiveCfg = Release|Any CPU
		{8970221A-B106-4FE8-B0E2-5ACE754E0B4C}.Release|Any CPU.Build.0 = Release|Any CPU
		{8970221A-B106-4FE8-B0E2-5ACE754E0B4C}.Release|x64.ActiveCfg = Release|Any CPU
		{8970221A-B106-4FE8-B0E2-5ACE754E0B4C}.Release|x64.Build.0 = Release|Any CPU
		{8970221A-B106-4FE8-B0E2-5ACE754E0B4C}.Release|x86.ActiveCfg = Release|Any CPU
		{8970221A-B106-4FE8-B0E2-5ACE754E0B4C}.Release|x86.Build.0 = Release|Any CPU
		{EB9CDAF8-5E42-4FD5-B8B2-065391DC9628}.Debug|Any CPU.ActiveCfg = Debug|Any CPU
		{EB9CDAF8-5E42-4FD5-B8B2-065391DC9628}.Debug|Any CPU.Build.0 = Debug|Any CPU
		{EB9CDAF8-5E42-4FD5-B8B2-065391DC9628}.Debug|x64.ActiveCfg = Debug|Any CPU
		{EB9CDAF8-5E42-4FD5-B8B2-065391DC9628}.Debug|x64.Build.0 = Debug|Any CPU
		{EB9CDAF8-5E42-4FD5-B8B2-065391DC9628}.Debug|x86.ActiveCfg = Debug|Any CPU
		{EB9CDAF8-5E42-4FD5-B8B2-065391DC9628}.Debug|x86.Build.0 = Debug|Any CPU
		{EB9CDAF8-5E42-4FD5-B8B2-065391DC9628}.Release|Any CPU.ActiveCfg = Release|Any CPU
		{EB9CDAF8-5E42-4FD5-B8B2-065391DC9628}.Release|Any CPU.Build.0 = Release|Any CPU
		{EB9CDAF8-5E42-4FD5-B8B2-065391DC9628}.Release|x64.ActiveCfg = Release|Any CPU
		{EB9CDAF8-5E42-4FD5-B8B2-065391DC9628}.Release|x64.Build.0 = Release|Any CPU
		{EB9CDAF8-5E42-4FD5-B8B2-065391DC9628}.Release|x86.ActiveCfg = Release|Any CPU
		{EB9CDAF8-5E42-4FD5-B8B2-065391DC9628}.Release|x86.Build.0 = Release|Any CPU
	EndGlobalSection
	GlobalSection(SolutionProperties) = preSolution
		HideSolutionNode = FALSE
	EndGlobalSection
	GlobalSection(NestedProjects) = preSolution
		{279A5C9F-B18D-4984-9A14-2FD88971BA28} = {76E48C47-0A7E-41C8-92B9-9DD826B2715F}
		{55C0C115-ABE9-48E6-938C-DC1D4CE88C5C} = {76E48C47-0A7E-41C8-92B9-9DD826B2715F}
		{1F611EF0-9FE7-4133-A812-C7906F2E2CD3} = {76E48C47-0A7E-41C8-92B9-9DD826B2715F}
		{676ED999-B842-437A-8C8B-97FC9E0C3BB0} = {76E48C47-0A7E-41C8-92B9-9DD826B2715F}
		{F0C7E1F7-D701-476B-AD64-D85EC98D86CB} = {76E48C47-0A7E-41C8-92B9-9DD826B2715F}
		{F3326826-A7E4-41B4-A3CA-F6C90F5DBDF0} = {76E48C47-0A7E-41C8-92B9-9DD826B2715F}
		{8F9BD35E-D3D5-4A7B-A6C4-CC658DDB4DD0} = {76E48C47-0A7E-41C8-92B9-9DD826B2715F}
		{81588697-5241-4315-B626-ABBF6EC690EB} = {76E48C47-0A7E-41C8-92B9-9DD826B2715F}
		{F698C785-E5C0-4CFA-83EA-A33B37B6C924} = {76E48C47-0A7E-41C8-92B9-9DD826B2715F}
		{75CB3D26-F132-4D11-BD8B-9A96DB24D623} = {76E48C47-0A7E-41C8-92B9-9DD826B2715F}
		{A9EB82DC-A621-487A-99E8-3889171E8508} = {76E48C47-0A7E-41C8-92B9-9DD826B2715F}
		{B1157B2F-C05C-420E-8AFE-261111257096} = {76E48C47-0A7E-41C8-92B9-9DD826B2715F}
		{8E7723C8-2898-46F2-87F1-D915B0E0E282} = {76E48C47-0A7E-41C8-92B9-9DD826B2715F}
		{2C502F8C-3D7F-4BC1-ACD0-3C748387750E} = {76E48C47-0A7E-41C8-92B9-9DD826B2715F}
		{71109B99-9483-4B9E-82FB-DA902F9CFAD7} = {76E48C47-0A7E-41C8-92B9-9DD826B2715F}
		{0B6932FC-F47A-4B91-AAA1-284176003EE8} = {76E48C47-0A7E-41C8-92B9-9DD826B2715F}
		{23F4D6C6-B371-4A8B-BB07-0C3815ADC1E9} = {76E48C47-0A7E-41C8-92B9-9DD826B2715F}
		{93B46FCC-5708-4B81-B525-F8FA5447F06C} = {76E48C47-0A7E-41C8-92B9-9DD826B2715F}
		{3FB6294C-0063-49B5-A785-BD4DC89F2BF5} = {76E48C47-0A7E-41C8-92B9-9DD826B2715F}
		{F92A1D8F-39EB-4AC4-BEF5-AEB3D798C9C7} = {76E48C47-0A7E-41C8-92B9-9DD826B2715F}
		{27B35F01-A123-4BB0-8391-F8682C71FACD} = {76E48C47-0A7E-41C8-92B9-9DD826B2715F}
		{A032114C-B6C5-4525-AB69-119BC1CF48E9} = {76E48C47-0A7E-41C8-92B9-9DD826B2715F}
		{D8707788-B31A-4E42-B8F9-7D927358D816} = {76E48C47-0A7E-41C8-92B9-9DD826B2715F}
		{9B687924-7593-4BFF-AB2C-C306428CA0ED} = {76E48C47-0A7E-41C8-92B9-9DD826B2715F}
		{E6A82F56-5B28-453D-8A8C-99374062C836} = {76E48C47-0A7E-41C8-92B9-9DD826B2715F}
		{E6D7020A-8C40-439E-8ED5-EC3C7B3739B4} = {76E48C47-0A7E-41C8-92B9-9DD826B2715F}
		{83BBBC77-2C44-4681-B5F0-3E2DA3E63E8B} = {76E48C47-0A7E-41C8-92B9-9DD826B2715F}
		{9BB924DE-9CAB-4EE6-90F6-744AEA83A1D7} = {76E48C47-0A7E-41C8-92B9-9DD826B2715F}
		{0B016306-6732-41D3-8594-F038D8DEA101} = {76E48C47-0A7E-41C8-92B9-9DD826B2715F}
		{FD75F63E-FED0-40BA-80CE-DAEA703B0C81} = {76E48C47-0A7E-41C8-92B9-9DD826B2715F}
		{FCF2BBE3-E187-4A25-B562-F5BCADAC71AF} = {76E48C47-0A7E-41C8-92B9-9DD826B2715F}
		{8970221A-B106-4FE8-B0E2-5ACE754E0B4C} = {76E48C47-0A7E-41C8-92B9-9DD826B2715F}
		{EB9CDAF8-5E42-4FD5-B8B2-065391DC9628} = {76E48C47-0A7E-41C8-92B9-9DD826B2715F}
	EndGlobalSection
	GlobalSection(ExtensibilityGlobals) = postSolution
		SolutionGuid = {C2CE7AFB-F848-48BA-90C4-3C5B4FA8A8FE}
	EndGlobalSection
EndGlobal
